
Microsoft Visual Studio Solution File, Format Version 12.00
# Visual Studio Version 17
VisualStudioVersion = 17.11.35327.3
MinimumVisualStudioVersion = 10.0.40219.1
Project("{FAE04EC0-301F-11D3-BF4B-00C04F79EFBC}") = "JSB.PL", "JSB.PL\JSB.PL.csproj", "{79A7D785-2CCB-4946-A25E-667A678BE07B}"
EndProject
Project("{FAE04EC0-301F-11D3-BF4B-00C04F79EFBC}") = "JSB.DAL", "JSB.DAL\JSB.DAL.csproj", "{B4467501-F34C-437E-B2CB-A949DC86167C}"
EndProject
Project("{FAE04EC0-301F-11D3-BF4B-00C04F79EFBC}") = "JSB.BL", "JSB.BL\JSB.BL.csproj", "{649B477C-CDC1-4315-AAAB-D9FCC56E31AA}"
EndProject
Global
	GlobalSection(SolutionConfigurationPlatforms) = preSolution
		Debug|Any CPU = Debug|Any CPU
		Release|Any CPU = Release|Any CPU
	EndGlobalSection
	GlobalSection(ProjectConfigurationPlatforms) = postSolution
		{79A7D785-2CCB-4946-A25E-667A678BE07B}.Debug|Any CPU.ActiveCfg = Debug|Any CPU
		{79A7D785-2CCB-4946-A25E-667A678BE07B}.Debug|Any CPU.Build.0 = Debug|Any CPU
		{79A7D785-2CCB-4946-A25E-667A678BE07B}.Release|Any CPU.ActiveCfg = Release|Any CPU
		{79A7D785-2CCB-4946-A25E-667A678BE07B}.Release|Any CPU.Build.0 = Release|Any CPU
		{B4467501-F34C-437E-B2CB-A949DC86167C}.Debug|Any CPU.ActiveCfg = Debug|Any CPU
		{B4467501-F34C-437E-B2CB-A949DC86167C}.Debug|Any CPU.Build.0 = Debug|Any CPU
		{B4467501-F34C-437E-B2CB-A949DC86167C}.Release|Any CPU.ActiveCfg = Release|Any CPU
		{B4467501-F34C-437E-B2CB-A949DC86167C}.Release|Any CPU.Build.0 = Release|Any CPU
		{649B477C-CDC1-4315-AAAB-D9FCC56E31AA}.Debug|Any CPU.ActiveCfg = Debug|Any CPU
		{649B477C-CDC1-4315-AAAB-D9FCC56E31AA}.Debug|Any CPU.Build.0 = Debug|Any CPU
		{649B477C-CDC1-4315-AAAB-D9FCC56E31AA}.Release|Any CPU.ActiveCfg = Release|Any CPU
		{649B477C-CDC1-4315-AAAB-D9FCC56E31AA}.Release|Any CPU.Build.0 = Release|Any CPU
	EndGlobalSection
	GlobalSection(SolutionProperties) = preSolution
		HideSolutionNode = FALSE
	EndGlobalSection
	GlobalSection(ExtensibilityGlobals) = postSolution
		SolutionGuid = {FC893E7D-7047-4580-B06E-A885ADDC9685}
	EndGlobalSection
EndGlobal
